{
    "_meta": {
        "hash": {
            "sha256": "2f315323f4fd4639c738a594048eb7a9b3506e95da3a939eb30f817bc45eb816"
        },
        "pipfile-spec": 6,
        "requires": {
            "python_version": "3"
        },
        "sources": [
            {
                "name": "pypi",
                "url": "https://pypi.org/simple",
                "verify_ssl": true
            }
        ]
    },
    "default": {
        "attrs": {
            "hashes": [
                "sha256:2d27e3784d7a565d36ab851fe94887c5eccd6a463168875832a1be79c82828b4",
                "sha256:626ba8234211db98e869df76230a137c4c40a12d72445c45d5f5b716f076e2fd"
            ],
            "markers": "python_version >= '2.7' and python_version not in '3.0, 3.1, 3.2, 3.3, 3.4'",
            "version": "==21.4.0"
        },
        "cattrs": {
            "hashes": [
                "sha256:94b67b64cf92c994f8784c40c082177dc916e0489a73a9a36b24eb18a9db40c6",
                "sha256:d55c477b4672f93606e992049f15d526dc7867e6c756cd6256d4af92e2b1e364"
            ],
            "markers": "python_version >= '3.7' and python_version < '4.0'",
            "version": "==22.1.0"
        },
        "cdktf": {
            "hashes": [
                "sha256:1a705020e3524184d04206241c4952648449f01e3e64a49ab999e08ef6feae65",
                "sha256:bfaf25207c64fbdf8985ca4dc2b87f72518da7bfcff9903fa0e493b975618dd1"
            ],
            "index": "pypi",
            "version": "==0.11.2"
        },
        "cdktf-cdktf-provider-aws": {
            "hashes": [
                "sha256:8b59abb46edfe55261e844131438d29b356f515fc18e708b7f06295560d299eb",
                "sha256:95ee09420880f967522e2cddc07e93500b96c0db5558940065d55db2ee328511"
            ],
            "index": "pypi",
            "version": "==8.0.15"
        },
        "constructs": {
            "hashes": [
                "sha256:a5969b2c4325c889a5287e383211333b75523517ed0133cf08c3cc2c587f150d",
                "sha256:f02c186bd2891ddc627b106bbe11ed373df72a2fae7056e9cefa0a3219639c7d"
            ],
            "markers": "python_version ~= '3.7'",
            "version": "==10.1.45"
        },
        "exceptiongroup": {
            "hashes": [
                "sha256:6990c24f06b8d33c8065cfe43e5e8a4bfa384e0358be036af9cc60b6321bd11a",
                "sha256:ab0a968e1ef769e55d9a596f4a89f7be9ffedbc9fdefdb77cc68cf5c33ce1035"
            ],
            "markers": "python_version < '3.11'",
            "version": "==1.0.0rc8"
        },
        "jsii": {
            "hashes": [
                "sha256:c22ac7373260fbabdb012faba717a8a4dbd933120cee373905030fd66956a65a",
                "sha256:d124b0f350fd206e0488d3bb83dc58832f11e64fc728fd3a10096872d8a3a938"
            ],
            "markers": "python_version ~= '3.7'",
            "version": "==1.62.0"
        },
        "publication": {
            "hashes": [
                "sha256:0248885351febc11d8a1098d5c8e3ab2dabcf3e8c0c96db1e17ecd12b53afbe6",
                "sha256:68416a0de76dddcdd2930d1c8ef853a743cc96c82416c4e4d3b5d901c6276dc4"
            ],
            "version": "==0.0.3"
        },
        "python-dateutil": {
            "hashes": [
                "sha256:0123cacc1627ae19ddf3c27a5de5bd67ee4586fbdd6440d9748f8abb483d3e86",
                "sha256:961d03dc3453ebbc59dbdea9e4e11c5651520a876d0f4db161e8674aae935da9"
            ],
            "markers": "python_version >= '2.7' and python_version not in '3.0, 3.1, 3.2, 3.3'",
            "version": "==2.8.2"
        },
        "six": {
            "hashes": [
                "sha256:1e61c37477a1626458e36f7b1d82aa5c9b094fa4802892072e49de9c60c4c926",
                "sha256:8abb2f1d86890a2dfb989f9a77cfcfd3e47c2a354b01111771326f8aa26e0254"
            ],
            "markers": "python_version >= '2.7' and python_version not in '3.0, 3.1, 3.2, 3.3'",
            "version": "==1.16.0"
        },
        "typing-extensions": {
            "hashes": [
                "sha256:25642c956049920a5aa49edcdd6ab1e06d7e5d467fc00e0506c44ac86fbfca02",
                "sha256:e6d2677a32f47fc7eb2795db1dd15c1f34eff616bcaf2cfb5e997f854fa1c4a6"
            ],
            "markers": "python_version >= '3.7'",
            "version": "==4.3.0"
        }
    },
    "develop": {}
}
